
Microsoft Visual Studio Solution File, Format Version 12.00
# Visual Studio Version 16
VisualStudioVersion = 16.0.30011.22
MinimumVisualStudioVersion = 10.0.40219.1
Project("{9A19103F-16F7-4668-BE54-9A1E7A4F7556}") = "Factory Pattern", "Factory Pattern\Factory Pattern.csproj", "{655F3AFC-38EC-4446-90AC-12BBFFE41921}"
EndProject
Project("{9A19103F-16F7-4668-BE54-9A1E7A4F7556}") = "Builder Pattern", "Builder Pattern\Builder Pattern.csproj", "{F9E428C0-87E6-4D42-A75E-EDB7FB094AC2}"
EndProject
Project("{9A19103F-16F7-4668-BE54-9A1E7A4F7556}") = "Singleton Pattern", "Singleton Pattern\Singleton Pattern.csproj", "{7D945BD7-5B67-49A9-B6BB-C81B93160256}"
EndProject
Project("{9A19103F-16F7-4668-BE54-9A1E7A4F7556}") = "Prototype patern", "Prototype patern\Prototype patern.csproj", "{3AD1F4DE-8E51-4BD1-A351-DA42623399F3}"
EndProject
Project("{9A19103F-16F7-4668-BE54-9A1E7A4F7556}") = "Proxy Pattern", "Proxy Pattern\Proxy Pattern.csproj", "{CE6FEE40-B634-45F3-8404-3E2B008B11D1}"
EndProject
Project("{9A19103F-16F7-4668-BE54-9A1E7A4F7556}") = "Decorator Pattern", "Decorator Pattern\Decorator Pattern.csproj", "{63B52CD2-8033-404E-A275-6D4174836484}"
EndProject
Project("{FAE04EC0-301F-11D3-BF4B-00C04F79EFBC}") = "Adapter Pattern", "Adapter Pattern\Adapter Pattern.csproj", "{54F761CA-478C-4202-8D9C-BFD8EDA26C3D}"
EndProject
Global
	GlobalSection(SolutionConfigurationPlatforms) = preSolution
		Debug|Any CPU = Debug|Any CPU
		Release|Any CPU = Release|Any CPU
	EndGlobalSection
	GlobalSection(ProjectConfigurationPlatforms) = postSolution
		{655F3AFC-38EC-4446-90AC-12BBFFE41921}.Debug|Any CPU.ActiveCfg = Debug|Any CPU
		{655F3AFC-38EC-4446-90AC-12BBFFE41921}.Debug|Any CPU.Build.0 = Debug|Any CPU
		{655F3AFC-38EC-4446-90AC-12BBFFE41921}.Release|Any CPU.ActiveCfg = Release|Any CPU
		{655F3AFC-38EC-4446-90AC-12BBFFE41921}.Release|Any CPU.Build.0 = Release|Any CPU
		{F9E428C0-87E6-4D42-A75E-EDB7FB094AC2}.Debug|Any CPU.ActiveCfg = Debug|Any CPU
		{F9E428C0-87E6-4D42-A75E-EDB7FB094AC2}.Debug|Any CPU.Build.0 = Debug|Any CPU
		{F9E428C0-87E6-4D42-A75E-EDB7FB094AC2}.Release|Any CPU.ActiveCfg = Release|Any CPU
		{F9E428C0-87E6-4D42-A75E-EDB7FB094AC2}.Release|Any CPU.Build.0 = Release|Any CPU
		{7D945BD7-5B67-49A9-B6BB-C81B93160256}.Debug|Any CPU.ActiveCfg = Debug|Any CPU
		{7D945BD7-5B67-49A9-B6BB-C81B93160256}.Debug|Any CPU.Build.0 = Debug|Any CPU
		{7D945BD7-5B67-49A9-B6BB-C81B93160256}.Release|Any CPU.ActiveCfg = Release|Any CPU
		{7D945BD7-5B67-49A9-B6BB-C81B93160256}.Release|Any CPU.Build.0 = Release|Any CPU
		{3AD1F4DE-8E51-4BD1-A351-DA42623399F3}.Debug|Any CPU.ActiveCfg = Debug|Any CPU
		{3AD1F4DE-8E51-4BD1-A351-DA42623399F3}.Debug|Any CPU.Build.0 = Debug|Any CPU
		{3AD1F4DE-8E51-4BD1-A351-DA42623399F3}.Release|Any CPU.ActiveCfg = Release|Any CPU
		{3AD1F4DE-8E51-4BD1-A351-DA42623399F3}.Release|Any CPU.Build.0 = Release|Any CPU
		{CE6FEE40-B634-45F3-8404-3E2B008B11D1}.Debug|Any CPU.ActiveCfg = Debug|Any CPU
		{CE6FEE40-B634-45F3-8404-3E2B008B11D1}.Debug|Any CPU.Build.0 = Debug|Any CPU
		{CE6FEE40-B634-45F3-8404-3E2B008B11D1}.Release|Any CPU.ActiveCfg = Release|Any CPU
		{CE6FEE40-B634-45F3-8404-3E2B008B11D1}.Release|Any CPU.Build.0 = Release|Any CPU
		{63B52CD2-8033-404E-A275-6D4174836484}.Debug|Any CPU.ActiveCfg = Debug|Any CPU
		{63B52CD2-8033-404E-A275-6D4174836484}.Debug|Any CPU.Build.0 = Debug|Any CPU
		{63B52CD2-8033-404E-A275-6D4174836484}.Release|Any CPU.ActiveCfg = Release|Any CPU
		{63B52CD2-8033-404E-A275-6D4174836484}.Release|Any CPU.Build.0 = Release|Any CPU
		{54F761CA-478C-4202-8D9C-BFD8EDA26C3D}.Debug|Any CPU.ActiveCfg = Debug|Any CPU
		{54F761CA-478C-4202-8D9C-BFD8EDA26C3D}.Debug|Any CPU.Build.0 = Debug|Any CPU
		{54F761CA-478C-4202-8D9C-BFD8EDA26C3D}.Release|Any CPU.ActiveCfg = Release|Any CPU
		{54F761CA-478C-4202-8D9C-BFD8EDA26C3D}.Release|Any CPU.Build.0 = Release|Any CPU
	EndGlobalSection
	GlobalSection(SolutionProperties) = preSolution
		HideSolutionNode = FALSE
	EndGlobalSection
	GlobalSection(ExtensibilityGlobals) = postSolution
		SolutionGuid = {A6139343-8363-4595-AA75-FEF3A8255128}
	EndGlobalSection
EndGlobal
